
Microsoft Visual Studio Solution File, Format Version 12.00
# Visual Studio Version 17
VisualStudioVersion = 17.0.31903.59
MinimumVisualStudioVersion = 10.0.40219.1
Project("{2150E333-8FDC-42A3-9474-1A3956D46DE8}") = "Chronique.Des.Monde.Common", "Chronique.Des.Monde.Common", "{92B988D0-94DF-5534-6ABE-2A3CB0D0B496}"
EndProject
Project("{FAE04EC0-301F-11D3-BF4B-00C04F79EFBC}") = "Cdm.Common", "Chronique.Des.Monde.Common\Cdm.Common.csproj", "{3FB877EA-256D-491C-AD1A-3489B7C033CB}"
EndProject
Project("{FAE04EC0-301F-11D3-BF4B-00C04F79EFBC}") = "Cdm.Data.Common", "Cdm.Data.Common\Cdm.Data.Common.csproj", "{6AF9D496-4677-49DE-989D-57B184EE41C0}"
EndProject
Project("{FAE04EC0-301F-11D3-BF4B-00C04F79EFBC}") = "Cdm.Data.Dnd", "Cdm.Data.Dnd\Cdm.Data.Dnd.csproj", "{6AD7E1EF-FD04-41E1-93D2-CC26A26CAE71}"
EndProject
Project("{FAE04EC0-301F-11D3-BF4B-00C04F79EFBC}") = "Cdm.Business.Common", "Cdm.Business.Common\Cdm.Business.Common.csproj", "{24B5508C-E7EA-4C0D-9DB0-5C0286A244AF}"
EndProject
Project("{FAE04EC0-301F-11D3-BF4B-00C04F79EFBC}") = "Cdm.ApiService", "Cdm.ApiService\Cdm.ApiService.csproj", "{5B19755E-25B1-474D-9E34-F48FB1C5FF25}"
EndProject
Project("{FAE04EC0-301F-11D3-BF4B-00C04F79EFBC}") = "Cdm.Web", "Cdm.Web\Cdm.Web.csproj", "{780807D1-A996-4D00-9560-0829752EDE8C}"
EndProject
Project("{FAE04EC0-301F-11D3-BF4B-00C04F79EFBC}") = "Cdm.Migrations", "Cdm.Migrations\Cdm.Migrations.csproj", "{573E2624-F18D-4592-BAD4-EA6E9303F944}"
EndProject
Project("{FAE04EC0-301F-11D3-BF4B-00C04F79EFBC}") = "Cdm.ServiceDefaults", "Cdm.ServiceDefaults\Cdm.ServiceDefaults.csproj", "{87667886-EA99-4811-A6BD-E9EC00F09C6A}"
EndProject
Project("{FAE04EC0-301F-11D3-BF4B-00C04F79EFBC}") = "Cdm.AppHost", "Cdm.AppHost\Cdm.AppHost.csproj", "{A74A0620-2102-4A7B-9A28-8B0535D66A40}"
EndProject
Project("{FAE04EC0-301F-11D3-BF4B-00C04F79EFBC}") = "Cmd.Abstraction", "Cmd.Abstraction\Cmd.Abstraction.csproj", "{0A6327A7-C19B-429D-A04D-0DE7202EDCA8}"
EndProject
Global
	GlobalSection(SolutionConfigurationPlatforms) = preSolution
		Debug|Any CPU = Debug|Any CPU
		Debug|x64 = Debug|x64
		Debug|x86 = Debug|x86
		Release|Any CPU = Release|Any CPU
		Release|x64 = Release|x64
		Release|x86 = Release|x86
	EndGlobalSection
	GlobalSection(ProjectConfigurationPlatforms) = postSolution
		{3FB877EA-256D-491C-AD1A-3489B7C033CB}.Debug|Any CPU.ActiveCfg = Debug|Any CPU
		{3FB877EA-256D-491C-AD1A-3489B7C033CB}.Debug|Any CPU.Build.0 = Debug|Any CPU
		{3FB877EA-256D-491C-AD1A-3489B7C033CB}.Debug|x64.ActiveCfg = Debug|Any CPU
		{3FB877EA-256D-491C-AD1A-3489B7C033CB}.Debug|x64.Build.0 = Debug|Any CPU
		{3FB877EA-256D-491C-AD1A-3489B7C033CB}.Debug|x86.ActiveCfg = Debug|Any CPU
		{3FB877EA-256D-491C-AD1A-3489B7C033CB}.Debug|x86.Build.0 = Debug|Any CPU
		{3FB877EA-256D-491C-AD1A-3489B7C033CB}.Release|Any CPU.ActiveCfg = Release|Any CPU
		{3FB877EA-256D-491C-AD1A-3489B7C033CB}.Release|Any CPU.Build.0 = Release|Any CPU
		{3FB877EA-256D-491C-AD1A-3489B7C033CB}.Release|x64.ActiveCfg = Release|Any CPU
		{3FB877EA-256D-491C-AD1A-3489B7C033CB}.Release|x64.Build.0 = Release|Any CPU
		{3FB877EA-256D-491C-AD1A-3489B7C033CB}.Release|x86.ActiveCfg = Release|Any CPU
		{3FB877EA-256D-491C-AD1A-3489B7C033CB}.Release|x86.Build.0 = Release|Any CPU
		{6AF9D496-4677-49DE-989D-57B184EE41C0}.Debug|Any CPU.ActiveCfg = Debug|Any CPU
		{6AF9D496-4677-49DE-989D-57B184EE41C0}.Debug|Any CPU.Build.0 = Debug|Any CPU
		{6AF9D496-4677-49DE-989D-57B184EE41C0}.Debug|x64.ActiveCfg = Debug|Any CPU
		{6AF9D496-4677-49DE-989D-57B184EE41C0}.Debug|x64.Build.0 = Debug|Any CPU
		{6AF9D496-4677-49DE-989D-57B184EE41C0}.Debug|x86.ActiveCfg = Debug|Any CPU
		{6AF9D496-4677-49DE-989D-57B184EE41C0}.Debug|x86.Build.0 = Debug|Any CPU
		{6AF9D496-4677-49DE-989D-57B184EE41C0}.Release|Any CPU.ActiveCfg = Release|Any CPU
		{6AF9D496-4677-49DE-989D-57B184EE41C0}.Release|Any CPU.Build.0 = Release|Any CPU
		{6AF9D496-4677-49DE-989D-57B184EE41C0}.Release|x64.ActiveCfg = Release|Any CPU
		{6AF9D496-4677-49DE-989D-57B184EE41C0}.Release|x64.Build.0 = Release|Any CPU
		{6AF9D496-4677-49DE-989D-57B184EE41C0}.Release|x86.ActiveCfg = Release|Any CPU
		{6AF9D496-4677-49DE-989D-57B184EE41C0}.Release|x86.Build.0 = Release|Any CPU
		{6AD7E1EF-FD04-41E1-93D2-CC26A26CAE71}.Debug|Any CPU.ActiveCfg = Debug|Any CPU
		{6AD7E1EF-FD04-41E1-93D2-CC26A26CAE71}.Debug|Any CPU.Build.0 = Debug|Any CPU
		{6AD7E1EF-FD04-41E1-93D2-CC26A26CAE71}.Debug|x64.ActiveCfg = Debug|Any CPU
		{6AD7E1EF-FD04-41E1-93D2-CC26A26CAE71}.Debug|x64.Build.0 = Debug|Any CPU
		{6AD7E1EF-FD04-41E1-93D2-CC26A26CAE71}.Debug|x86.ActiveCfg = Debug|Any CPU
		{6AD7E1EF-FD04-41E1-93D2-CC26A26CAE71}.Debug|x86.Build.0 = Debug|Any CPU
		{6AD7E1EF-FD04-41E1-93D2-CC26A26CAE71}.Release|Any CPU.ActiveCfg = Release|Any CPU
		{6AD7E1EF-FD04-41E1-93D2-CC26A26CAE71}.Release|Any CPU.Build.0 = Release|Any CPU
		{6AD7E1EF-FD04-41E1-93D2-CC26A26CAE71}.Release|x64.ActiveCfg = Release|Any CPU
		{6AD7E1EF-FD04-41E1-93D2-CC26A26CAE71}.Release|x64.Build.0 = Release|Any CPU
		{6AD7E1EF-FD04-41E1-93D2-CC26A26CAE71}.Release|x86.ActiveCfg = Release|Any CPU
		{6AD7E1EF-FD04-41E1-93D2-CC26A26CAE71}.Release|x86.Build.0 = Release|Any CPU
		{24B5508C-E7EA-4C0D-9DB0-5C0286A244AF}.Debug|Any CPU.ActiveCfg = Debug|Any CPU
		{24B5508C-E7EA-4C0D-9DB0-5C0286A244AF}.Debug|Any CPU.Build.0 = Debug|Any CPU
		{24B5508C-E7EA-4C0D-9DB0-5C0286A244AF}.Debug|x64.ActiveCfg = Debug|Any CPU
		{24B5508C-E7EA-4C0D-9DB0-5C0286A244AF}.Debug|x64.Build.0 = Debug|Any CPU
		{24B5508C-E7EA-4C0D-9DB0-5C0286A244AF}.Debug|x86.ActiveCfg = Debug|Any CPU
		{24B5508C-E7EA-4C0D-9DB0-5C0286A244AF}.Debug|x86.Build.0 = Debug|Any CPU
		{24B5508C-E7EA-4C0D-9DB0-5C0286A244AF}.Release|Any CPU.ActiveCfg = Release|Any CPU
		{24B5508C-E7EA-4C0D-9DB0-5C0286A244AF}.Release|Any CPU.Build.0 = Release|Any CPU
		{24B5508C-E7EA-4C0D-9DB0-5C0286A244AF}.Release|x64.ActiveCfg = Release|Any CPU
		{24B5508C-E7EA-4C0D-9DB0-5C0286A244AF}.Release|x64.Build.0 = Release|Any CPU
		{24B5508C-E7EA-4C0D-9DB0-5C0286A244AF}.Release|x86.ActiveCfg = Release|Any CPU
		{24B5508C-E7EA-4C0D-9DB0-5C0286A244AF}.Release|x86.Build.0 = Release|Any CPU
		{5B19755E-25B1-474D-9E34-F48FB1C5FF25}.Debug|Any CPU.ActiveCfg = Debug|Any CPU
		{5B19755E-25B1-474D-9E34-F48FB1C5FF25}.Debug|Any CPU.Build.0 = Debug|Any CPU
		{5B19755E-25B1-474D-9E34-F48FB1C5FF25}.Debug|x64.ActiveCfg = Debug|Any CPU
		{5B19755E-25B1-474D-9E34-F48FB1C5FF25}.Debug|x64.Build.0 = Debug|Any CPU
		{5B19755E-25B1-474D-9E34-F48FB1C5FF25}.Debug|x86.ActiveCfg = Debug|Any CPU
		{5B19755E-25B1-474D-9E34-F48FB1C5FF25}.Debug|x86.Build.0 = Debug|Any CPU
		{5B19755E-25B1-474D-9E34-F48FB1C5FF25}.Release|Any CPU.ActiveCfg = Release|Any CPU
		{5B19755E-25B1-474D-9E34-F48FB1C5FF25}.Release|Any CPU.Build.0 = Release|Any CPU
		{5B19755E-25B1-474D-9E34-F48FB1C5FF25}.Release|x64.ActiveCfg = Release|Any CPU
		{5B19755E-25B1-474D-9E34-F48FB1C5FF25}.Release|x64.Build.0 = Release|Any CPU
		{5B19755E-25B1-474D-9E34-F48FB1C5FF25}.Release|x86.ActiveCfg = Release|Any CPU
		{5B19755E-25B1-474D-9E34-F48FB1C5FF25}.Release|x86.Build.0 = Release|Any CPU
		{780807D1-A996-4D00-9560-0829752EDE8C}.Debug|Any CPU.ActiveCfg = Debug|Any CPU
		{780807D1-A996-4D00-9560-0829752EDE8C}.Debug|Any CPU.Build.0 = Debug|Any CPU
		{780807D1-A996-4D00-9560-0829752EDE8C}.Debug|x64.ActiveCfg = Debug|Any CPU
		{780807D1-A996-4D00-9560-0829752EDE8C}.Debug|x64.Build.0 = Debug|Any CPU
		{780807D1-A996-4D00-9560-0829752EDE8C}.Debug|x86.ActiveCfg = Debug|Any CPU
		{780807D1-A996-4D00-9560-0829752EDE8C}.Debug|x86.Build.0 = Debug|Any CPU
		{780807D1-A996-4D00-9560-0829752EDE8C}.Release|Any CPU.ActiveCfg = Release|Any CPU
		{780807D1-A996-4D00-9560-0829752EDE8C}.Release|Any CPU.Build.0 = Release|Any CPU
		{780807D1-A996-4D00-9560-0829752EDE8C}.Release|x64.ActiveCfg = Release|Any CPU
		{780807D1-A996-4D00-9560-0829752EDE8C}.Release|x64.Build.0 = Release|Any CPU
		{780807D1-A996-4D00-9560-0829752EDE8C}.Release|x86.ActiveCfg = Release|Any CPU
		{780807D1-A996-4D00-9560-0829752EDE8C}.Release|x86.Build.0 = Release|Any CPU
		{573E2624-F18D-4592-BAD4-EA6E9303F944}.Debug|Any CPU.ActiveCfg = Debug|Any CPU
		{573E2624-F18D-4592-BAD4-EA6E9303F944}.Debug|Any CPU.Build.0 = Debug|Any CPU
		{573E2624-F18D-4592-BAD4-EA6E9303F944}.Debug|x64.ActiveCfg = Debug|Any CPU
		{573E2624-F18D-4592-BAD4-EA6E9303F944}.Debug|x64.Build.0 = Debug|Any CPU
		{573E2624-F18D-4592-BAD4-EA6E9303F944}.Debug|x86.ActiveCfg = Debug|Any CPU
		{573E2624-F18D-4592-BAD4-EA6E9303F944}.Debug|x86.Build.0 = Debug|Any CPU
		{573E2624-F18D-4592-BAD4-EA6E9303F944}.Release|Any CPU.ActiveCfg = Release|Any CPU
		{573E2624-F18D-4592-BAD4-EA6E9303F944}.Release|Any CPU.Build.0 = Release|Any CPU
		{573E2624-F18D-4592-BAD4-EA6E9303F944}.Release|x64.ActiveCfg = Release|Any CPU
		{573E2624-F18D-4592-BAD4-EA6E9303F944}.Release|x64.Build.0 = Release|Any CPU
		{573E2624-F18D-4592-BAD4-EA6E9303F944}.Release|x86.ActiveCfg = Release|Any CPU
		{573E2624-F18D-4592-BAD4-EA6E9303F944}.Release|x86.Build.0 = Release|Any CPU
		{87667886-EA99-4811-A6BD-E9EC00F09C6A}.Debug|Any CPU.ActiveCfg = Debug|Any CPU
		{87667886-EA99-4811-A6BD-E9EC00F09C6A}.Debug|Any CPU.Build.0 = Debug|Any CPU
		{87667886-EA99-4811-A6BD-E9EC00F09C6A}.Debug|x64.ActiveCfg = Debug|Any CPU
		{87667886-EA99-4811-A6BD-E9EC00F09C6A}.Debug|x64.Build.0 = Debug|Any CPU
		{87667886-EA99-4811-A6BD-E9EC00F09C6A}.Debug|x86.ActiveCfg = Debug|Any CPU
		{87667886-EA99-4811-A6BD-E9EC00F09C6A}.Debug|x86.Build.0 = Debug|Any CPU
		{87667886-EA99-4811-A6BD-E9EC00F09C6A}.Release|Any CPU.ActiveCfg = Release|Any CPU
		{87667886-EA99-4811-A6BD-E9EC00F09C6A}.Release|Any CPU.Build.0 = Release|Any CPU
		{87667886-EA99-4811-A6BD-E9EC00F09C6A}.Release|x64.ActiveCfg = Release|Any CPU
		{87667886-EA99-4811-A6BD-E9EC00F09C6A}.Release|x64.Build.0 = Release|Any CPU
		{87667886-EA99-4811-A6BD-E9EC00F09C6A}.Release|x86.ActiveCfg = Release|Any CPU
		{87667886-EA99-4811-A6BD-E9EC00F09C6A}.Release|x86.Build.0 = Release|Any CPU
		{A74A0620-2102-4A7B-9A28-8B0535D66A40}.Debug|Any CPU.ActiveCfg = Debug|Any CPU
		{A74A0620-2102-4A7B-9A28-8B0535D66A40}.Debug|Any CPU.Build.0 = Debug|Any CPU
		{A74A0620-2102-4A7B-9A28-8B0535D66A40}.Debug|x64.ActiveCfg = Debug|Any CPU
		{A74A0620-2102-4A7B-9A28-8B0535D66A40}.Debug|x64.Build.0 = Debug|Any CPU
		{A74A0620-2102-4A7B-9A28-8B0535D66A40}.Debug|x86.ActiveCfg = Debug|Any CPU
		{A74A0620-2102-4A7B-9A28-8B0535D66A40}.Debug|x86.Build.0 = Debug|Any CPU
		{A74A0620-2102-4A7B-9A28-8B0535D66A40}.Release|Any CPU.ActiveCfg = Release|Any CPU
		{A74A0620-2102-4A7B-9A28-8B0535D66A40}.Release|Any CPU.Build.0 = Release|Any CPU
		{A74A0620-2102-4A7B-9A28-8B0535D66A40}.Release|x64.ActiveCfg = Release|Any CPU
		{A74A0620-2102-4A7B-9A28-8B0535D66A40}.Release|x64.Build.0 = Release|Any CPU
		{A74A0620-2102-4A7B-9A28-8B0535D66A40}.Release|x86.ActiveCfg = Release|Any CPU
		{A74A0620-2102-4A7B-9A28-8B0535D66A40}.Release|x86.Build.0 = Release|Any CPU
		{0A6327A7-C19B-429D-A04D-0DE7202EDCA8}.Debug|Any CPU.ActiveCfg = Debug|Any CPU
		{0A6327A7-C19B-429D-A04D-0DE7202EDCA8}.Debug|Any CPU.Build.0 = Debug|Any CPU
		{0A6327A7-C19B-429D-A04D-0DE7202EDCA8}.Debug|x64.ActiveCfg = Debug|Any CPU
		{0A6327A7-C19B-429D-A04D-0DE7202EDCA8}.Debug|x64.Build.0 = Debug|Any CPU
		{0A6327A7-C19B-429D-A04D-0DE7202EDCA8}.Debug|x86.ActiveCfg = Debug|Any CPU
		{0A6327A7-C19B-429D-A04D-0DE7202EDCA8}.Debug|x86.Build.0 = Debug|Any CPU
		{0A6327A7-C19B-429D-A04D-0DE7202EDCA8}.Release|Any CPU.ActiveCfg = Release|Any CPU
		{0A6327A7-C19B-429D-A04D-0DE7202EDCA8}.Release|Any CPU.Build.0 = Release|Any CPU
		{0A6327A7-C19B-429D-A04D-0DE7202EDCA8}.Release|x64.ActiveCfg = Release|Any CPU
		{0A6327A7-C19B-429D-A04D-0DE7202EDCA8}.Release|x64.Build.0 = Release|Any CPU
		{0A6327A7-C19B-429D-A04D-0DE7202EDCA8}.Release|x86.ActiveCfg = Release|Any CPU
		{0A6327A7-C19B-429D-A04D-0DE7202EDCA8}.Release|x86.Build.0 = Release|Any CPU
	EndGlobalSection
	GlobalSection(SolutionProperties) = preSolution
		HideSolutionNode = FALSE
	EndGlobalSection
	GlobalSection(NestedProjects) = preSolution
		{3FB877EA-256D-491C-AD1A-3489B7C033CB} = {92B988D0-94DF-5534-6ABE-2A3CB0D0B496}
	EndGlobalSection
EndGlobal
